// !$*UTF8*$!
{
	archiveVersion = 1;
	classes = {
	};
	objectVersion = 46;
	objects = {

/* Begin PBXBuildFile section */
		6B6800A31AD43AEC00A53032 /* PCUser.m in Sources */ = {isa = PBXBuildFile; fileRef = 6B6800A21AD43AEC00A53032 /* PCUser.m */; };
		6B68FFF21AD3348200A53032 /* PCProfileViewController.m in Sources */ = {isa = PBXBuildFile; fileRef = 6B68FFF11AD3348200A53032 /* PCProfileViewController.m */; };
		6B68FFF51AD336B000A53032 /* PCFeedViewController.m in Sources */ = {isa = PBXBuildFile; fileRef = 6B68FFF41AD336B000A53032 /* PCFeedViewController.m */; };
		6B68FFF81AD33D8200A53032 /* Main.storyboard in Resources */ = {isa = PBXBuildFile; fileRef = 6B68FFF61AD33D8200A53032 /* Main.storyboard */; };
		C71ADCAE1AD3204500190E51 /* main.m in Sources */ = {isa = PBXBuildFile; fileRef = C71ADCAD1AD3204500190E51 /* main.m */; };
		C71ADCB11AD3204500190E51 /* AppDelegate.m in Sources */ = {isa = PBXBuildFile; fileRef = C71ADCB01AD3204500190E51 /* AppDelegate.m */; };
		C71ADCB91AD3204500190E51 /* Images.xcassets in Resources */ = {isa = PBXBuildFile; fileRef = C71ADCB81AD3204500190E51 /* Images.xcassets */; };
		C71ADCBC1AD3204500190E51 /* LaunchScreen.xib in Resources */ = {isa = PBXBuildFile; fileRef = C71ADCBA1AD3204500190E51 /* LaunchScreen.xib */; };
		C71ADCC81AD3204500190E51 /* PikChaTests.m in Sources */ = {isa = PBXBuildFile; fileRef = C71ADCC71AD3204500190E51 /* PikChaTests.m */; };
		C7A1176E1AD43AF500444FF2 /* PCPhoto.m in Sources */ = {isa = PBXBuildFile; fileRef = C7A1176D1AD43AF500444FF2 /* PCPhoto.m */; };
		C7B787DF1AD3432E006EEBC9 /* PCLoginViewController.m in Sources */ = {isa = PBXBuildFile; fileRef = C7B787DD1AD3432E006EEBC9 /* PCLoginViewController.m */; };
		F3FA72D91AD3237D00E53992 /* Bolts.framework in Frameworks */ = {isa = PBXBuildFile; fileRef = F3FA72D31AD3237D00E53992 /* Bolts.framework */; };
		F3FA72DA1AD3237D00E53992 /* Parse.framework in Frameworks */ = {isa = PBXBuildFile; fileRef = F3FA72D41AD3237D00E53992 /* Parse.framework */; };
		F3FA72DB1AD3237D00E53992 /* ParseCrashReporting.framework in Frameworks */ = {isa = PBXBuildFile; fileRef = F3FA72D51AD3237D00E53992 /* ParseCrashReporting.framework */; };
		F3FA72DC1AD3237D00E53992 /* ParseFacebookUtils.framework in Frameworks */ = {isa = PBXBuildFile; fileRef = F3FA72D61AD3237D00E53992 /* ParseFacebookUtils.framework */; };
		F3FA72DD1AD3237D00E53992 /* ParseFacebookUtilsV4.framework in Frameworks */ = {isa = PBXBuildFile; fileRef = F3FA72D71AD3237D00E53992 /* ParseFacebookUtilsV4.framework */; };
		F3FA72DE1AD3237D00E53992 /* ParseUI.framework in Frameworks */ = {isa = PBXBuildFile; fileRef = F3FA72D81AD3237D00E53992 /* ParseUI.framework */; };
		F3FA72E01AD323FD00E53992 /* AudioToolbox.framework in Frameworks */ = {isa = PBXBuildFile; fileRef = F3FA72DF1AD323FD00E53992 /* AudioToolbox.framework */; };
		F3FA72E21AD3240400E53992 /* CFNetwork.framework in Frameworks */ = {isa = PBXBuildFile; fileRef = F3FA72E11AD3240400E53992 /* CFNetwork.framework */; };
		F3FA72E41AD3240900E53992 /* CoreGraphics.framework in Frameworks */ = {isa = PBXBuildFile; fileRef = F3FA72E31AD3240900E53992 /* CoreGraphics.framework */; };
		F3FA72E61AD3240F00E53992 /* MobileCoreServices.framework in Frameworks */ = {isa = PBXBuildFile; fileRef = F3FA72E51AD3240F00E53992 /* MobileCoreServices.framework */; };
		F3FA72E81AD3241700E53992 /* QuartzCore.framework in Frameworks */ = {isa = PBXBuildFile; fileRef = F3FA72E71AD3241700E53992 /* QuartzCore.framework */; };
		F3FA72EA1AD3241F00E53992 /* Security.framework in Frameworks */ = {isa = PBXBuildFile; fileRef = F3FA72E91AD3241F00E53992 /* Security.framework */; };
		F3FA72EC1AD3242700E53992 /* StoreKit.framework in Frameworks */ = {isa = PBXBuildFile; fileRef = F3FA72EB1AD3242700E53992 /* StoreKit.framework */; };
		F3FA72EE1AD3242F00E53992 /* SystemConfiguration.framework in Frameworks */ = {isa = PBXBuildFile; fileRef = F3FA72ED1AD3242F00E53992 /* SystemConfiguration.framework */; };
		F3FA72F01AD3243900E53992 /* libz.dylib in Frameworks */ = {isa = PBXBuildFile; fileRef = F3FA72EF1AD3243900E53992 /* libz.dylib */; };
		F3FA72F21AD3244400E53992 /* libsqlite3.dylib in Frameworks */ = {isa = PBXBuildFile; fileRef = F3FA72F11AD3244400E53992 /* libsqlite3.dylib */; };
		F3FA72F81AD3552900E53992 /* PCProfileInfoTableViewController.m in Sources */ = {isa = PBXBuildFile; fileRef = F3FA72F71AD3552900E53992 /* PCProfileInfoTableViewController.m */; };
/* End PBXBuildFile section */

/* Begin PBXContainerItemProxy section */
		C71ADCC21AD3204500190E51 /* PBXContainerItemProxy */ = {
			isa = PBXContainerItemProxy;
			containerPortal = C71ADCA01AD3204400190E51 /* Project object */;
			proxyType = 1;
			remoteGlobalIDString = C71ADCA71AD3204400190E51;
			remoteInfo = PikCha;
		};
/* End PBXContainerItemProxy section */

/* Begin PBXFileReference section */
		6B6800A11AD43AEC00A53032 /* PCUser.h */ = {isa = PBXFileReference; fileEncoding = 4; lastKnownFileType = sourcecode.c.h; path = PCUser.h; sourceTree = "<group>"; };
		6B6800A21AD43AEC00A53032 /* PCUser.m */ = {isa = PBXFileReference; fileEncoding = 4; lastKnownFileType = sourcecode.c.objc; path = PCUser.m; sourceTree = "<group>"; };
		6B68FFF01AD3348200A53032 /* PCProfileViewController.h */ = {isa = PBXFileReference; fileEncoding = 4; lastKnownFileType = sourcecode.c.h; name = PCProfileViewController.h; path = PikCha/Controller/PCProfileViewController.h; sourceTree = "<group>"; };
		6B68FFF11AD3348200A53032 /* PCProfileViewController.m */ = {isa = PBXFileReference; fileEncoding = 4; lastKnownFileType = sourcecode.c.objc; name = PCProfileViewController.m; path = PikCha/Controller/PCProfileViewController.m; sourceTree = "<group>"; };
		6B68FFF31AD336B000A53032 /* PCFeedViewController.h */ = {isa = PBXFileReference; fileEncoding = 4; lastKnownFileType = sourcecode.c.h; name = PCFeedViewController.h; path = PikCha/Controller/PCFeedViewController.h; sourceTree = "<group>"; };
		6B68FFF41AD336B000A53032 /* PCFeedViewController.m */ = {isa = PBXFileReference; fileEncoding = 4; lastKnownFileType = sourcecode.c.objc; name = PCFeedViewController.m; path = PikCha/Controller/PCFeedViewController.m; sourceTree = "<group>"; };
		6B68FFF71AD33D8200A53032 /* Base */ = {isa = PBXFileReference; lastKnownFileType = file.storyboard; name = Base; path = Base.lproj/Main.storyboard; sourceTree = "<group>"; };
		C71ADCA81AD3204500190E51 /* PikCha.app */ = {isa = PBXFileReference; explicitFileType = wrapper.application; includeInIndex = 0; path = PikCha.app; sourceTree = BUILT_PRODUCTS_DIR; };
		C71ADCAC1AD3204500190E51 /* Info.plist */ = {isa = PBXFileReference; lastKnownFileType = text.plist.xml; path = Info.plist; sourceTree = "<group>"; };
		C71ADCAD1AD3204500190E51 /* main.m */ = {isa = PBXFileReference; lastKnownFileType = sourcecode.c.objc; path = main.m; sourceTree = "<group>"; };
		C71ADCAF1AD3204500190E51 /* AppDelegate.h */ = {isa = PBXFileReference; lastKnownFileType = sourcecode.c.h; name = AppDelegate.h; path = PikCha/AppDelegate.h; sourceTree = "<group>"; };
		C71ADCB01AD3204500190E51 /* AppDelegate.m */ = {isa = PBXFileReference; lastKnownFileType = sourcecode.c.objc; name = AppDelegate.m; path = PikCha/AppDelegate.m; sourceTree = "<group>"; };
		C71ADCB81AD3204500190E51 /* Images.xcassets */ = {isa = PBXFileReference; lastKnownFileType = folder.assetcatalog; path = Images.xcassets; sourceTree = "<group>"; };
		C71ADCBB1AD3204500190E51 /* Base */ = {isa = PBXFileReference; lastKnownFileType = file.xib; name = Base; path = Base.lproj/LaunchScreen.xib; sourceTree = "<group>"; };
		C71ADCC11AD3204500190E51 /* PikChaTests.xctest */ = {isa = PBXFileReference; explicitFileType = wrapper.cfbundle; includeInIndex = 0; path = PikChaTests.xctest; sourceTree = BUILT_PRODUCTS_DIR; };
		C71ADCC61AD3204500190E51 /* Info.plist */ = {isa = PBXFileReference; lastKnownFileType = text.plist.xml; path = Info.plist; sourceTree = "<group>"; };
		C71ADCC71AD3204500190E51 /* PikChaTests.m */ = {isa = PBXFileReference; lastKnownFileType = sourcecode.c.objc; path = PikChaTests.m; sourceTree = "<group>"; };
		C7A1176C1AD43AF500444FF2 /* PCPhoto.h */ = {isa = PBXFileReference; fileEncoding = 4; lastKnownFileType = sourcecode.c.h; path = PCPhoto.h; sourceTree = "<group>"; };
		C7A1176D1AD43AF500444FF2 /* PCPhoto.m */ = {isa = PBXFileReference; fileEncoding = 4; lastKnownFileType = sourcecode.c.objc; path = PCPhoto.m; sourceTree = "<group>"; };
		C7B787DD1AD3432E006EEBC9 /* PCLoginViewController.m */ = {isa = PBXFileReference; fileEncoding = 4; lastKnownFileType = sourcecode.c.objc; name = PCLoginViewController.m; path = PikCha/PCLoginViewController.m; sourceTree = "<group>"; };
		C7B787DE1AD3432E006EEBC9 /* PCLoginViewController.h */ = {isa = PBXFileReference; fileEncoding = 4; lastKnownFileType = sourcecode.c.h; name = PCLoginViewController.h; path = PikCha/PCLoginViewController.h; sourceTree = "<group>"; };
		F3FA72D31AD3237D00E53992 /* Bolts.framework */ = {isa = PBXFileReference; lastKnownFileType = wrapper.framework; path = Bolts.framework; sourceTree = "<group>"; };
		F3FA72D41AD3237D00E53992 /* Parse.framework */ = {isa = PBXFileReference; lastKnownFileType = wrapper.framework; path = Parse.framework; sourceTree = "<group>"; };
		F3FA72D51AD3237D00E53992 /* ParseCrashReporting.framework */ = {isa = PBXFileReference; lastKnownFileType = wrapper.framework; path = ParseCrashReporting.framework; sourceTree = "<group>"; };
		F3FA72D61AD3237D00E53992 /* ParseFacebookUtils.framework */ = {isa = PBXFileReference; lastKnownFileType = wrapper.framework; path = ParseFacebookUtils.framework; sourceTree = "<group>"; };
		F3FA72D71AD3237D00E53992 /* ParseFacebookUtilsV4.framework */ = {isa = PBXFileReference; lastKnownFileType = wrapper.framework; path = ParseFacebookUtilsV4.framework; sourceTree = "<group>"; };
		F3FA72D81AD3237D00E53992 /* ParseUI.framework */ = {isa = PBXFileReference; lastKnownFileType = wrapper.framework; path = ParseUI.framework; sourceTree = "<group>"; };
		F3FA72DF1AD323FD00E53992 /* AudioToolbox.framework */ = {isa = PBXFileReference; lastKnownFileType = wrapper.framework; name = AudioToolbox.framework; path = System/Library/Frameworks/AudioToolbox.framework; sourceTree = SDKROOT; };
		F3FA72E11AD3240400E53992 /* CFNetwork.framework */ = {isa = PBXFileReference; lastKnownFileType = wrapper.framework; name = CFNetwork.framework; path = System/Library/Frameworks/CFNetwork.framework; sourceTree = SDKROOT; };
		F3FA72E31AD3240900E53992 /* CoreGraphics.framework */ = {isa = PBXFileReference; lastKnownFileType = wrapper.framework; name = CoreGraphics.framework; path = System/Library/Frameworks/CoreGraphics.framework; sourceTree = SDKROOT; };
		F3FA72E51AD3240F00E53992 /* MobileCoreServices.framework */ = {isa = PBXFileReference; lastKnownFileType = wrapper.framework; name = MobileCoreServices.framework; path = System/Library/Frameworks/MobileCoreServices.framework; sourceTree = SDKROOT; };
		F3FA72E71AD3241700E53992 /* QuartzCore.framework */ = {isa = PBXFileReference; lastKnownFileType = wrapper.framework; name = QuartzCore.framework; path = System/Library/Frameworks/QuartzCore.framework; sourceTree = SDKROOT; };
		F3FA72E91AD3241F00E53992 /* Security.framework */ = {isa = PBXFileReference; lastKnownFileType = wrapper.framework; name = Security.framework; path = System/Library/Frameworks/Security.framework; sourceTree = SDKROOT; };
		F3FA72EB1AD3242700E53992 /* StoreKit.framework */ = {isa = PBXFileReference; lastKnownFileType = wrapper.framework; name = StoreKit.framework; path = System/Library/Frameworks/StoreKit.framework; sourceTree = SDKROOT; };
		F3FA72ED1AD3242F00E53992 /* SystemConfiguration.framework */ = {isa = PBXFileReference; lastKnownFileType = wrapper.framework; name = SystemConfiguration.framework; path = System/Library/Frameworks/SystemConfiguration.framework; sourceTree = SDKROOT; };
		F3FA72EF1AD3243900E53992 /* libz.dylib */ = {isa = PBXFileReference; lastKnownFileType = "compiled.mach-o.dylib"; name = libz.dylib; path = usr/lib/libz.dylib; sourceTree = SDKROOT; };
		F3FA72F11AD3244400E53992 /* libsqlite3.dylib */ = {isa = PBXFileReference; lastKnownFileType = "compiled.mach-o.dylib"; name = libsqlite3.dylib; path = usr/lib/libsqlite3.dylib; sourceTree = SDKROOT; };
		F3FA72F61AD3552900E53992 /* PCProfileInfoTableViewController.h */ = {isa = PBXFileReference; fileEncoding = 4; lastKnownFileType = sourcecode.c.h; name = PCProfileInfoTableViewController.h; path = PikCha/Controller/PCProfileInfoTableViewController.h; sourceTree = "<group>"; };
		F3FA72F71AD3552900E53992 /* PCProfileInfoTableViewController.m */ = {isa = PBXFileReference; fileEncoding = 4; lastKnownFileType = sourcecode.c.objc; name = PCProfileInfoTableViewController.m; path = PikCha/Controller/PCProfileInfoTableViewController.m; sourceTree = "<group>"; };
/* End PBXFileReference section */

/* Begin PBXFrameworksBuildPhase section */
		C71ADCA51AD3204400190E51 /* Frameworks */ = {
			isa = PBXFrameworksBuildPhase;
			buildActionMask = 2147483647;
			files = (
				F3FA72F21AD3244400E53992 /* libsqlite3.dylib in Frameworks */,
				F3FA72F01AD3243900E53992 /* libz.dylib in Frameworks */,
				F3FA72EE1AD3242F00E53992 /* SystemConfiguration.framework in Frameworks */,
				F3FA72EC1AD3242700E53992 /* StoreKit.framework in Frameworks */,
				F3FA72EA1AD3241F00E53992 /* Security.framework in Frameworks */,
				F3FA72E81AD3241700E53992 /* QuartzCore.framework in Frameworks */,
				F3FA72E61AD3240F00E53992 /* MobileCoreServices.framework in Frameworks */,
				F3FA72E41AD3240900E53992 /* CoreGraphics.framework in Frameworks */,
				F3FA72E21AD3240400E53992 /* CFNetwork.framework in Frameworks */,
				F3FA72E01AD323FD00E53992 /* AudioToolbox.framework in Frameworks */,
				F3FA72DE1AD3237D00E53992 /* ParseUI.framework in Frameworks */,
				F3FA72DA1AD3237D00E53992 /* Parse.framework in Frameworks */,
				F3FA72DB1AD3237D00E53992 /* ParseCrashReporting.framework in Frameworks */,
				F3FA72DC1AD3237D00E53992 /* ParseFacebookUtils.framework in Frameworks */,
				F3FA72D91AD3237D00E53992 /* Bolts.framework in Frameworks */,
				F3FA72DD1AD3237D00E53992 /* ParseFacebookUtilsV4.framework in Frameworks */,
			);
			runOnlyForDeploymentPostprocessing = 0;
		};
		C71ADCBE1AD3204500190E51 /* Frameworks */ = {
			isa = PBXFrameworksBuildPhase;
			buildActionMask = 2147483647;
			files = (
			);
			runOnlyForDeploymentPostprocessing = 0;
		};
/* End PBXFrameworksBuildPhase section */

/* Begin PBXGroup section */
		6B68FFED1AD333AA00A53032 /* Controller */ = {
			isa = PBXGroup;
			children = (
				C7B787DE1AD3432E006EEBC9 /* PCLoginViewController.h */,
				C7B787DD1AD3432E006EEBC9 /* PCLoginViewController.m */,
				C71ADCAF1AD3204500190E51 /* AppDelegate.h */,
				C71ADCB01AD3204500190E51 /* AppDelegate.m */,
				6B68FFF31AD336B000A53032 /* PCFeedViewController.h */,
				6B68FFF41AD336B000A53032 /* PCFeedViewController.m */,
				6B68FFF01AD3348200A53032 /* PCProfileViewController.h */,
				6B68FFF11AD3348200A53032 /* PCProfileViewController.m */,
				F3FA72F61AD3552900E53992 /* PCProfileInfoTableViewController.h */,
				F3FA72F71AD3552900E53992 /* PCProfileInfoTableViewController.m */,
			);
			name = Controller;
			sourceTree = "<group>";
		};
		6B68FFEE1AD333B100A53032 /* View */ = {
			isa = PBXGroup;
			children = (
				C71ADCBA1AD3204500190E51 /* LaunchScreen.xib */,
				6B68FFF61AD33D8200A53032 /* Main.storyboard */,
			);
			name = View;
			sourceTree = "<group>";
		};
		6B68FFEF1AD333B900A53032 /* Model */ = {
			isa = PBXGroup;
			children = (
				6B6800A11AD43AEC00A53032 /* PCUser.h */,
				6B6800A21AD43AEC00A53032 /* PCUser.m */,
				C7A1176C1AD43AF500444FF2 /* PCPhoto.h */,
				C7A1176D1AD43AF500444FF2 /* PCPhoto.m */,
			);
			name = Model;
			sourceTree = "<group>";
		};
		C71ADC9F1AD3204400190E51 = {
			isa = PBXGroup;
			children = (
				6B68FFEF1AD333B900A53032 /* Model */,
				6B68FFEE1AD333B100A53032 /* View */,
				6B68FFED1AD333AA00A53032 /* Controller */,
				F3FA72D21AD3237D00E53992 /* parse-library-1.7.1 */,
				C71ADCAA1AD3204500190E51 /* PikCha */,
				C71ADCC41AD3204500190E51 /* PikChaTests */,
				C71ADCA91AD3204500190E51 /* Products */,
			);
			sourceTree = "<group>";
		};
		C71ADCA91AD3204500190E51 /* Products */ = {
			isa = PBXGroup;
			children = (
				C71ADCA81AD3204500190E51 /* PikCha.app */,
				C71ADCC11AD3204500190E51 /* PikChaTests.xctest */,
			);
			name = Products;
			sourceTree = "<group>";
		};
		C71ADCAA1AD3204500190E51 /* PikCha */ = {
			isa = PBXGroup;
			children = (
				F3FA72F11AD3244400E53992 /* libsqlite3.dylib */,
				F3FA72EF1AD3243900E53992 /* libz.dylib */,
				F3FA72ED1AD3242F00E53992 /* SystemConfiguration.framework */,
				F3FA72EB1AD3242700E53992 /* StoreKit.framework */,
				F3FA72E91AD3241F00E53992 /* Security.framework */,
				F3FA72E71AD3241700E53992 /* QuartzCore.framework */,
				F3FA72E51AD3240F00E53992 /* MobileCoreServices.framework */,
				F3FA72E31AD3240900E53992 /* CoreGraphics.framework */,
				F3FA72E11AD3240400E53992 /* CFNetwork.framework */,
				F3FA72DF1AD323FD00E53992 /* AudioToolbox.framework */,
				C71ADCB81AD3204500190E51 /* Images.xcassets */,
				C71ADCAB1AD3204500190E51 /* Supporting Files */,
			);
			path = PikCha;
			sourceTree = "<group>";
		};
		C71ADCAB1AD3204500190E51 /* Supporting Files */ = {
			isa = PBXGroup;
			children = (
				C71ADCAC1AD3204500190E51 /* Info.plist */,
				C71ADCAD1AD3204500190E51 /* main.m */,
			);
			name = "Supporting Files";
			sourceTree = "<group>";
		};
		C71ADCC41AD3204500190E51 /* PikChaTests */ = {
			isa = PBXGroup;
			children = (
				C71ADCC71AD3204500190E51 /* PikChaTests.m */,
				C71ADCC51AD3204500190E51 /* Supporting Files */,
			);
			path = PikChaTests;
			sourceTree = "<group>";
		};
		C71ADCC51AD3204500190E51 /* Supporting Files */ = {
			isa = PBXGroup;
			children = (
				C71ADCC61AD3204500190E51 /* Info.plist */,
			);
			name = "Supporting Files";
			sourceTree = "<group>";
		};
		F3FA72D21AD3237D00E53992 /* parse-library-1.7.1 */ = {
			isa = PBXGroup;
			children = (
				F3FA72D31AD3237D00E53992 /* Bolts.framework */,
				F3FA72D41AD3237D00E53992 /* Parse.framework */,
				F3FA72D51AD3237D00E53992 /* ParseCrashReporting.framework */,
				F3FA72D61AD3237D00E53992 /* ParseFacebookUtils.framework */,
				F3FA72D71AD3237D00E53992 /* ParseFacebookUtilsV4.framework */,
				F3FA72D81AD3237D00E53992 /* ParseUI.framework */,
			);
			path = "parse-library-1.7.1";
			sourceTree = "<group>";
		};
/* End PBXGroup section */

/* Begin PBXNativeTarget section */
		C71ADCA71AD3204400190E51 /* PikCha */ = {
			isa = PBXNativeTarget;
			buildConfigurationList = C71ADCCB1AD3204500190E51 /* Build configuration list for PBXNativeTarget "PikCha" */;
			buildPhases = (
				C71ADCA41AD3204400190E51 /* Sources */,
				C71ADCA51AD3204400190E51 /* Frameworks */,
				C71ADCA61AD3204400190E51 /* Resources */,
			);
			buildRules = (
			);
			dependencies = (
			);
			name = PikCha;
			productName = PikCha;
			productReference = C71ADCA81AD3204500190E51 /* PikCha.app */;
			productType = "com.apple.product-type.application";
		};
		C71ADCC01AD3204500190E51 /* PikChaTests */ = {
			isa = PBXNativeTarget;
			buildConfigurationList = C71ADCCE1AD3204500190E51 /* Build configuration list for PBXNativeTarget "PikChaTests" */;
			buildPhases = (
				C71ADCBD1AD3204500190E51 /* Sources */,
				C71ADCBE1AD3204500190E51 /* Frameworks */,
				C71ADCBF1AD3204500190E51 /* Resources */,
			);
			buildRules = (
			);
			dependencies = (
				C71ADCC31AD3204500190E51 /* PBXTargetDependency */,
			);
			name = PikChaTests;
			productName = PikChaTests;
			productReference = C71ADCC11AD3204500190E51 /* PikChaTests.xctest */;
			productType = "com.apple.product-type.bundle.unit-test";
		};
/* End PBXNativeTarget section */

/* Begin PBXProject section */
		C71ADCA01AD3204400190E51 /* Project object */ = {
			isa = PBXProject;
			attributes = {
				LastUpgradeCheck = 0620;
				ORGANIZATIONNAME = "Micah Lanier Design and Illustration";
				TargetAttributes = {
					C71ADCA71AD3204400190E51 = {
						CreatedOnToolsVersion = 6.2;
					};
					C71ADCC01AD3204500190E51 = {
						CreatedOnToolsVersion = 6.2;
						TestTargetID = C71ADCA71AD3204400190E51;
					};
				};
			};
			buildConfigurationList = C71ADCA31AD3204400190E51 /* Build configuration list for PBXProject "PikCha" */;
			compatibilityVersion = "Xcode 3.2";
			developmentRegion = English;
			hasScannedForEncodings = 0;
			knownRegions = (
				en,
				Base,
			);
			mainGroup = C71ADC9F1AD3204400190E51;
			productRefGroup = C71ADCA91AD3204500190E51 /* Products */;
			projectDirPath = "";
			projectRoot = "";
			targets = (
				C71ADCA71AD3204400190E51 /* PikCha */,
				C71ADCC01AD3204500190E51 /* PikChaTests */,
			);
		};
/* End PBXProject section */

/* Begin PBXResourcesBuildPhase section */
		C71ADCA61AD3204400190E51 /* Resources */ = {
			isa = PBXResourcesBuildPhase;
			buildActionMask = 2147483647;
			files = (
				6B68FFF81AD33D8200A53032 /* Main.storyboard in Resources */,
				C71ADCBC1AD3204500190E51 /* LaunchScreen.xib in Resources */,
				C71ADCB91AD3204500190E51 /* Images.xcassets in Resources */,
			);
			runOnlyForDeploymentPostprocessing = 0;
		};
		C71ADCBF1AD3204500190E51 /* Resources */ = {
			isa = PBXResourcesBuildPhase;
			buildActionMask = 2147483647;
			files = (
			);
			runOnlyForDeploymentPostprocessing = 0;
		};
/* End PBXResourcesBuildPhase section */

/* Begin PBXSourcesBuildPhase section */
		C71ADCA41AD3204400190E51 /* Sources */ = {
			isa = PBXSourcesBuildPhase;
			buildActionMask = 2147483647;
			files = (
				C7B787DF1AD3432E006EEBC9 /* PCLoginViewController.m in Sources */,
				C71ADCB11AD3204500190E51 /* AppDelegate.m in Sources */,
				6B6800A31AD43AEC00A53032 /* PCUser.m in Sources */,
				F3FA72F81AD3552900E53992 /* PCProfileInfoTableViewController.m in Sources */,
				C71ADCAE1AD3204500190E51 /* main.m in Sources */,
				6B68FFF21AD3348200A53032 /* PCProfileViewController.m in Sources */,
				6B68FFF51AD336B000A53032 /* PCFeedViewController.m in Sources */,
				C7A1176E1AD43AF500444FF2 /* PCPhoto.m in Sources */,
			);
			runOnlyForDeploymentPostprocessing = 0;
		};
		C71ADCBD1AD3204500190E51 /* Sources */ = {
			isa = PBXSourcesBuildPhase;
			buildActionMask = 2147483647;
			files = (
				C71ADCC81AD3204500190E51 /* PikChaTests.m in Sources */,
			);
			runOnlyForDeploymentPostprocessing = 0;
		};
/* End PBXSourcesBuildPhase section */

/* Begin PBXTargetDependency section */
		C71ADCC31AD3204500190E51 /* PBXTargetDependency */ = {
			isa = PBXTargetDependency;
			target = C71ADCA71AD3204400190E51 /* PikCha */;
			targetProxy = C71ADCC21AD3204500190E51 /* PBXContainerItemProxy */;
		};
/* End PBXTargetDependency section */

/* Begin PBXVariantGroup section */
		6B68FFF61AD33D8200A53032 /* Main.storyboard */ = {
			isa = PBXVariantGroup;
			children = (
				6B68FFF71AD33D8200A53032 /* Base */,
			);
			name = Main.storyboard;
			path = PikCha;
			sourceTree = "<group>";
		};
		C71ADCBA1AD3204500190E51 /* LaunchScreen.xib */ = {
			isa = PBXVariantGroup;
			children = (
				C71ADCBB1AD3204500190E51 /* Base */,
			);
			name = LaunchScreen.xib;
			path = PikCha;
			sourceTree = "<group>";
		};
/* End PBXVariantGroup section */

/* Begin XCBuildConfiguration section */
		C71ADCC91AD3204500190E51 /* Debug */ = {
			isa = XCBuildConfiguration;
			buildSettings = {
				ALWAYS_SEARCH_USER_PATHS = NO;
				CLANG_CXX_LANGUAGE_STANDARD = "gnu++0x";
				CLANG_CXX_LIBRARY = "libc++";
				CLANG_ENABLE_MODULES = YES;
				CLANG_ENABLE_OBJC_ARC = YES;
				CLANG_WARN_BOOL_CONVERSION = YES;
				CLANG_WARN_CONSTANT_CONVERSION = YES;
				CLANG_WARN_DIRECT_OBJC_ISA_USAGE = YES_ERROR;
				CLANG_WARN_EMPTY_BODY = YES;
				CLANG_WARN_ENUM_CONVERSION = YES;
				CLANG_WARN_INT_CONVERSION = YES;
				CLANG_WARN_OBJC_ROOT_CLASS = YES_ERROR;
				CLANG_WARN_UNREACHABLE_CODE = YES;
				CLANG_WARN__DUPLICATE_METHOD_MATCH = YES;
				"CODE_SIGN_IDENTITY[sdk=iphoneos*]" = "iPhone Developer";
				COPY_PHASE_STRIP = NO;
				ENABLE_STRICT_OBJC_MSGSEND = YES;
				GCC_C_LANGUAGE_STANDARD = gnu99;
				GCC_DYNAMIC_NO_PIC = NO;
				GCC_OPTIMIZATION_LEVEL = 0;
				GCC_PREPROCESSOR_DEFINITIONS = (
					"DEBUG=1",
					"$(inherited)",
				);
				GCC_SYMBOLS_PRIVATE_EXTERN = NO;
				GCC_WARN_64_TO_32_BIT_CONVERSION = YES;
				GCC_WARN_ABOUT_RETURN_TYPE = YES_ERROR;
				GCC_WARN_UNDECLARED_SELECTOR = YES;
				GCC_WARN_UNINITIALIZED_AUTOS = YES_AGGRESSIVE;
				GCC_WARN_UNUSED_FUNCTION = YES;
				GCC_WARN_UNUSED_VARIABLE = YES;
				IPHONEOS_DEPLOYMENT_TARGET = 8.2;
				MTL_ENABLE_DEBUG_INFO = YES;
				ONLY_ACTIVE_ARCH = YES;
				SDKROOT = iphoneos;
			};
			name = Debug;
		};
		C71ADCCA1AD3204500190E51 /* Release */ = {
			isa = XCBuildConfiguration;
			buildSettings = {
				ALWAYS_SEARCH_USER_PATHS = NO;
				CLANG_CXX_LANGUAGE_STANDARD = "gnu++0x";
				CLANG_CXX_LIBRARY = "libc++";
				CLANG_ENABLE_MODULES = YES;
				CLANG_ENABLE_OBJC_ARC = YES;
				CLANG_WARN_BOOL_CONVERSION = YES;
				CLANG_WARN_CONSTANT_CONVERSION = YES;
				CLANG_WARN_DIRECT_OBJC_ISA_USAGE = YES_ERROR;
				CLANG_WARN_EMPTY_BODY = YES;
				CLANG_WARN_ENUM_CONVERSION = YES;
				CLANG_WARN_INT_CONVERSION = YES;
				CLANG_WARN_OBJC_ROOT_CLASS = YES_ERROR;
				CLANG_WARN_UNREACHABLE_CODE = YES;
				CLANG_WARN__DUPLICATE_METHOD_MATCH = YES;
				"CODE_SIGN_IDENTITY[sdk=iphoneos*]" = "iPhone Developer";
				COPY_PHASE_STRIP = NO;
				ENABLE_NS_ASSERTIONS = NO;
				ENABLE_STRICT_OBJC_MSGSEND = YES;
				GCC_C_LANGUAGE_STANDARD = gnu99;
				GCC_WARN_64_TO_32_BIT_CONVERSION = YES;
				GCC_WARN_ABOUT_RETURN_TYPE = YES_ERROR;
				GCC_WARN_UNDECLARED_SELECTOR = YES;
				GCC_WARN_UNINITIALIZED_AUTOS = YES_AGGRESSIVE;
				GCC_WARN_UNUSED_FUNCTION = YES;
				GCC_WARN_UNUSED_VARIABLE = YES;
				IPHONEOS_DEPLOYMENT_TARGET = 8.2;
				MTL_ENABLE_DEBUG_INFO = NO;
				SDKROOT = iphoneos;
				VALIDATE_PRODUCT = YES;
			};
			name = Release;
		};
		C71ADCCC1AD3204500190E51 /* Debug */ = {
			isa = XCBuildConfiguration;
			buildSettings = {
				ASSETCATALOG_COMPILER_APPICON_NAME = AppIcon;
				FRAMEWORK_SEARCH_PATHS = (
					"$(inherited)",
					"$(PROJECT_DIR)/parse-library-1.7.1",
				);
				INFOPLIST_FILE = PikCha/Info.plist;
				LD_RUNPATH_SEARCH_PATHS = "$(inherited) @executable_path/Frameworks";
				PRODUCT_NAME = "$(TARGET_NAME)";
			};
			name = Debug;
		};
		C71ADCCD1AD3204500190E51 /* Release */ = {
			isa = XCBuildConfiguration;
			buildSettings = {
				ASSETCATALOG_COMPILER_APPICON_NAME = AppIcon;
				FRAMEWORK_SEARCH_PATHS = (
					"$(inherited)",
					"$(PROJECT_DIR)/parse-library-1.7.1",
				);
				INFOPLIST_FILE = PikCha/Info.plist;
				LD_RUNPATH_SEARCH_PATHS = "$(inherited) @executable_path/Frameworks";
				PRODUCT_NAME = "$(TARGET_NAME)";
			};
			name = Release;
		};
		C71ADCCF1AD3204500190E51 /* Debug */ = {
			isa = XCBuildConfiguration;
			buildSettings = {
				BUNDLE_LOADER = "$(TEST_HOST)";
				FRAMEWORK_SEARCH_PATHS = (
					"$(SDKROOT)/Developer/Library/Frameworks",
					"$(inherited)",
				);
				GCC_PREPROCESSOR_DEFINITIONS = (
					"DEBUG=1",
					"$(inherited)",
				);
				INFOPLIST_FILE = PikChaTests/Info.plist;
				LD_RUNPATH_SEARCH_PATHS = "$(inherited) @executable_path/Frameworks @loader_path/Frameworks";
				PRODUCT_NAME = "$(TARGET_NAME)";
				TEST_HOST = "$(BUILT_PRODUCTS_DIR)/PikCha.app/PikCha";
			};
			name = Debug;
		};
		C71ADCD01AD3204500190E51 /* Release */ = {
			isa = XCBuildConfiguration;
			buildSettings = {
				BUNDLE_LOADER = "$(TEST_HOST)";
				FRAMEWORK_SEARCH_PATHS = (
					"$(SDKROOT)/Developer/Library/Frameworks",
					"$(inherited)",
				);
				INFOPLIST_FILE = PikChaTests/Info.plist;
				LD_RUNPATH_SEARCH_PATHS = "$(inherited) @executable_path/Frameworks @loader_path/Frameworks";
				PRODUCT_NAME = "$(TARGET_NAME)";
				TEST_HOST = "$(BUILT_PRODUCTS_DIR)/PikCha.app/PikCha";
			};
			name = Release;
		};
/* End XCBuildConfiguration section */

/* Begin XCConfigurationList section */
		C71ADCA31AD3204400190E51 /* Build configuration list for PBXProject "PikCha" */ = {
			isa = XCConfigurationList;
			buildConfigurations = (
				C71ADCC91AD3204500190E51 /* Debug */,
				C71ADCCA1AD3204500190E51 /* Release */,
			);
			defaultConfigurationIsVisible = 0;
			defaultConfigurationName = Release;
		};
		C71ADCCB1AD3204500190E51 /* Build configuration list for PBXNativeTarget "PikCha" */ = {
			isa = XCConfigurationList;
			buildConfigurations = (
				C71ADCCC1AD3204500190E51 /* Debug */,
				C71ADCCD1AD3204500190E51 /* Release */,
			);
			defaultConfigurationIsVisible = 0;
			defaultConfigurationName = Release;
		};
		C71ADCCE1AD3204500190E51 /* Build configuration list for PBXNativeTarget "PikChaTests" */ = {
			isa = XCConfigurationList;
			buildConfigurations = (
				C71ADCCF1AD3204500190E51 /* Debug */,
				C71ADCD01AD3204500190E51 /* Release */,
			);
			defaultConfigurationIsVisible = 0;
			defaultConfigurationName = Release;
		};
/* End XCConfigurationList section */
	};
	rootObject = C71ADCA01AD3204400190E51 /* Project object */;
}
